
Microsoft Visual Studio Solution File, Format Version 12.00
# Visual Studio Version 16
VisualStudioVersion = 16.0.30717.126
MinimumVisualStudioVersion = 10.0.40219.1
Project("{FAE04EC0-301F-11D3-BF4B-00C04F79EFBC}") = "CHUNGKHOAN", "CHUNGKHOAN.csproj", "{39997518-7225-4D93-B0DD-F173D1EF79D9}"
EndProject
Global
	GlobalSection(SolutionConfigurationPlatforms) = preSolution
		Debug|Any CPU = Debug|Any CPU
		Release|Any CPU = Release|Any CPU
	EndGlobalSection
	GlobalSection(ProjectConfigurationPlatforms) = postSolution
		{39997518-7225-4D93-B0DD-F173D1EF79D9}.Debug|Any CPU.ActiveCfg = Debug|Any CPU
		{39997518-7225-4D93-B0DD-F173D1EF79D9}.Debug|Any CPU.Build.0 = Debug|Any CPU
		{39997518-7225-4D93-B0DD-F173D1EF79D9}.Release|Any CPU.ActiveCfg = Release|Any CPU
		{39997518-7225-4D93-B0DD-F173D1EF79D9}.Release|Any CPU.Build.0 = Release|Any CPU
	EndGlobalSection
	GlobalSection(SolutionProperties) = preSolution
		HideSolutionNode = FALSE
	EndGlobalSection
	GlobalSection(ExtensibilityGlobals) = postSolution
		SolutionGuid = {19DDD808-E2BA-461D-9FA0-49519226483B}
	EndGlobalSection
EndGlobal
